
Microsoft Visual Studio Solution File, Format Version 12.00
Project("{FAE04EC0-301F-11D3-BF4B-00C04F79EFBC}") = "DatabaseService", "DatabaseService.csproj", "{FC525367-CA58-485E-96C0-068E0E18C88F}"
EndProject
Project("{FAE04EC0-301F-11D3-BF4B-00C04F79EFBC}") = "Monitoring", "Monitoring\Monitoring.csproj", "{02D4F23A-0762-4617-88BF-40464D21FB00}"
EndProject
Global
	GlobalSection(SolutionConfigurationPlatforms) = preSolution
		Debug|Any CPU = Debug|Any CPU
		Release|Any CPU = Release|Any CPU
	EndGlobalSection
	GlobalSection(ProjectConfigurationPlatforms) = postSolution
		{FC525367-CA58-485E-96C0-068E0E18C88F}.Debug|Any CPU.ActiveCfg = Debug|Any CPU
		{FC525367-CA58-485E-96C0-068E0E18C88F}.Debug|Any CPU.Build.0 = Debug|Any CPU
		{FC525367-CA58-485E-96C0-068E0E18C88F}.Release|Any CPU.ActiveCfg = Release|Any CPU
		{FC525367-CA58-485E-96C0-068E0E18C88F}.Release|Any CPU.Build.0 = Release|Any CPU
		{02D4F23A-0762-4617-88BF-40464D21FB00}.Debug|Any CPU.ActiveCfg = Debug|Any CPU
		{02D4F23A-0762-4617-88BF-40464D21FB00}.Debug|Any CPU.Build.0 = Debug|Any CPU
		{02D4F23A-0762-4617-88BF-40464D21FB00}.Release|Any CPU.ActiveCfg = Release|Any CPU
		{02D4F23A-0762-4617-88BF-40464D21FB00}.Release|Any CPU.Build.0 = Release|Any CPU
	EndGlobalSection
EndGlobal
